
Microsoft Visual Studio Solution File, Format Version 12.00
# Visual Studio Version 16
VisualStudioVersion = 16.0.30114.105
MinimumVisualStudioVersion = 10.0.40219.1
Project("{FAE04EC0-301F-11D3-BF4B-00C04F79EFBC}") = "R5T.T0098", "R5T.T0098\R5T.T0098.csproj", "{558B20A2-0A1E-4971-9533-2B96A7686648}"
EndProject
Project("{FAE04EC0-301F-11D3-BF4B-00C04F79EFBC}") = "R5T.T0098.Construction", "R5T.T0098.Construction\R5T.T0098.Construction.csproj", "{00EC6636-929F-404D-880B-4DD6BD1890BE}"
EndProject
Global
	GlobalSection(SolutionConfigurationPlatforms) = preSolution
		Debug|Any CPU = Debug|Any CPU
		Debug|x64 = Debug|x64
		Debug|x86 = Debug|x86
		Release|Any CPU = Release|Any CPU
		Release|x64 = Release|x64
		Release|x86 = Release|x86
	EndGlobalSection
	GlobalSection(SolutionProperties) = preSolution
		HideSolutionNode = FALSE
	EndGlobalSection
	GlobalSection(ProjectConfigurationPlatforms) = postSolution
		{558B20A2-0A1E-4971-9533-2B96A7686648}.Debug|Any CPU.ActiveCfg = Debug|Any CPU
		{558B20A2-0A1E-4971-9533-2B96A7686648}.Debug|Any CPU.Build.0 = Debug|Any CPU
		{558B20A2-0A1E-4971-9533-2B96A7686648}.Debug|x64.ActiveCfg = Debug|Any CPU
		{558B20A2-0A1E-4971-9533-2B96A7686648}.Debug|x64.Build.0 = Debug|Any CPU
		{558B20A2-0A1E-4971-9533-2B96A7686648}.Debug|x86.ActiveCfg = Debug|Any CPU
		{558B20A2-0A1E-4971-9533-2B96A7686648}.Debug|x86.Build.0 = Debug|Any CPU
		{558B20A2-0A1E-4971-9533-2B96A7686648}.Release|Any CPU.ActiveCfg = Release|Any CPU
		{558B20A2-0A1E-4971-9533-2B96A7686648}.Release|Any CPU.Build.0 = Release|Any CPU
		{558B20A2-0A1E-4971-9533-2B96A7686648}.Release|x64.ActiveCfg = Release|Any CPU
		{558B20A2-0A1E-4971-9533-2B96A7686648}.Release|x64.Build.0 = Release|Any CPU
		{558B20A2-0A1E-4971-9533-2B96A7686648}.Release|x86.ActiveCfg = Release|Any CPU
		{558B20A2-0A1E-4971-9533-2B96A7686648}.Release|x86.Build.0 = Release|Any CPU
		{00EC6636-929F-404D-880B-4DD6BD1890BE}.Debug|Any CPU.ActiveCfg = Debug|Any CPU
		{00EC6636-929F-404D-880B-4DD6BD1890BE}.Debug|Any CPU.Build.0 = Debug|Any CPU
		{00EC6636-929F-404D-880B-4DD6BD1890BE}.Debug|x64.ActiveCfg = Debug|Any CPU
		{00EC6636-929F-404D-880B-4DD6BD1890BE}.Debug|x64.Build.0 = Debug|Any CPU
		{00EC6636-929F-404D-880B-4DD6BD1890BE}.Debug|x86.ActiveCfg = Debug|Any CPU
		{00EC6636-929F-404D-880B-4DD6BD1890BE}.Debug|x86.Build.0 = Debug|Any CPU
		{00EC6636-929F-404D-880B-4DD6BD1890BE}.Release|Any CPU.ActiveCfg = Release|Any CPU
		{00EC6636-929F-404D-880B-4DD6BD1890BE}.Release|Any CPU.Build.0 = Release|Any CPU
		{00EC6636-929F-404D-880B-4DD6BD1890BE}.Release|x64.ActiveCfg = Release|Any CPU
		{00EC6636-929F-404D-880B-4DD6BD1890BE}.Release|x64.Build.0 = Release|Any CPU
		{00EC6636-929F-404D-880B-4DD6BD1890BE}.Release|x86.ActiveCfg = Release|Any CPU
		{00EC6636-929F-404D-880B-4DD6BD1890BE}.Release|x86.Build.0 = Release|Any CPU
	EndGlobalSection
EndGlobal
